{
  "name": "jscode",
  "version": "1.0.0",
  "lockfileVersion": 1,
  "requires": true,
  "dependencies": {
    "colors": {
      "version": "1.4.0",
      "resolved": "https://registry.npmjs.org/colors/-/colors-1.4.0.tgz",
      "integrity": "sha512-a+UqTh4kgZg/SlGvfbzDHpgRu7AAQOmmqRHJnxhRZICKFUT91brVhNNt58CMWU9PsBbv3PDCZUHbVxuDiH2mtA=="
    },
    "diff": {
      "version": "4.0.1",
      "resolved": "https://registry.npmjs.org/diff/-/diff-4.0.1.tgz",
      "integrity": "sha512-s2+XdvhPCOF01LRQBC8hf4vhbVmI2CGS5aZnxLJlT5FtdhPCDFq80q++zK2KlrVorVDdL5BOGZ/VfLrVtYNF+Q=="
    },
    "leven": {
      "version": "3.1.0",
      "resolved": "https://registry.npmjs.org/leven/-/leven-3.1.0.tgz",
      "integrity": "sha512-qsda+H8jTaUaN/x5vzW2rzc+8Rw4TAQ/4KjB46IwK5VH+IlVeeeje/EoZRpiXvIqjFgK84QffqPztGI3VBLG1A=="
    },
    "pretty-string-diff": {
      "version": "1.0.2",
      "resolved": "https://registry.npmjs.org/pretty-string-diff/-/pretty-string-diff-1.0.2.tgz",
      "integrity": "sha512-Gop30l1DCEt91izAKyxXs+m4nFId1etoe0utcCj9xyB/Oawd0x6XfnQfSxFrAbx5e6vZ6pfpqWrk7vagepUzsw==",
      "requires": {
        "colors": "^1.3.3",
        "diff": "^4.0.1"
      }
    }
  }
}
